
Microsoft Visual Studio Solution File, Format Version 12.00
# Visual Studio Version 16
VisualStudioVersion = 16.0.29318.209
MinimumVisualStudioVersion = 10.0.40219.1
Project("{FAE04EC0-301F-11D3-BF4B-00C04F79EFBC}") = "Algorythms", "Algorythms.csproj", "{60FB9987-E71E-4475-ABFA-229CE77D8BB7}"
EndProject
Global
	GlobalSection(SolutionConfigurationPlatforms) = preSolution
		Debug|Any CPU = Debug|Any CPU
		Release|Any CPU = Release|Any CPU
	EndGlobalSection
	GlobalSection(ProjectConfigurationPlatforms) = postSolution
		{60FB9987-E71E-4475-ABFA-229CE77D8BB7}.Debug|Any CPU.ActiveCfg = Debug|Any CPU
		{60FB9987-E71E-4475-ABFA-229CE77D8BB7}.Debug|Any CPU.Build.0 = Debug|Any CPU
		{60FB9987-E71E-4475-ABFA-229CE77D8BB7}.Release|Any CPU.ActiveCfg = Release|Any CPU
		{60FB9987-E71E-4475-ABFA-229CE77D8BB7}.Release|Any CPU.Build.0 = Release|Any CPU
	EndGlobalSection
	GlobalSection(SolutionProperties) = preSolution
		HideSolutionNode = FALSE
	EndGlobalSection
	GlobalSection(ExtensibilityGlobals) = postSolution
		SolutionGuid = {A6908752-489E-4887-9088-02D87CE3114B}
	EndGlobalSection
EndGlobal
